
Microsoft Visual Studio Solution File, Format Version 12.00
Project("{FAE04EC0-301F-11D3-BF4B-00C04F79EFBC}") = "NoteOnGraph", "NoteOnGraph\NoteOnGraph.csproj", "{608EC773-980C-473B-B096-F7BDA5057E40}"
EndProject
Project("{FAE04EC0-301F-11D3-BF4B-00C04F79EFBC}") = "NoteOnGraph.Web", "NoteOnGraph.Web\NoteOnGraph.Web.csproj", "{5682CCEE-F44E-4FAC-B61C-421AD74F0CF7}"
EndProject
Project("{FAE04EC0-301F-11D3-BF4B-00C04F79EFBC}") = "NoteOnGraph.BddTests", "NoteOnGraph.BddTests\NoteOnGraph.BddTests.csproj", "{7F41EFBD-53D3-48A7-BE62-3C06919A2C5B}"
EndProject
Project("{FAE04EC0-301F-11D3-BF4B-00C04F79EFBC}") = "NodeOnGraph.IntegrationTests", "NodeOnGraph.IntegrationTests\NodeOnGraph.IntegrationTests.csproj", "{CB8AB670-CE20-463B-937C-04B5B29A2318}"
EndProject
Global
	GlobalSection(SolutionConfigurationPlatforms) = preSolution
		Debug|Any CPU = Debug|Any CPU
		Release|Any CPU = Release|Any CPU
	EndGlobalSection
	GlobalSection(ProjectConfigurationPlatforms) = postSolution
		{608EC773-980C-473B-B096-F7BDA5057E40}.Debug|Any CPU.ActiveCfg = Debug|Any CPU
		{608EC773-980C-473B-B096-F7BDA5057E40}.Debug|Any CPU.Build.0 = Debug|Any CPU
		{608EC773-980C-473B-B096-F7BDA5057E40}.Release|Any CPU.ActiveCfg = Release|Any CPU
		{608EC773-980C-473B-B096-F7BDA5057E40}.Release|Any CPU.Build.0 = Release|Any CPU
		{5682CCEE-F44E-4FAC-B61C-421AD74F0CF7}.Debug|Any CPU.ActiveCfg = Debug|Any CPU
		{5682CCEE-F44E-4FAC-B61C-421AD74F0CF7}.Debug|Any CPU.Build.0 = Debug|Any CPU
		{5682CCEE-F44E-4FAC-B61C-421AD74F0CF7}.Release|Any CPU.ActiveCfg = Release|Any CPU
		{5682CCEE-F44E-4FAC-B61C-421AD74F0CF7}.Release|Any CPU.Build.0 = Release|Any CPU
		{7F41EFBD-53D3-48A7-BE62-3C06919A2C5B}.Debug|Any CPU.ActiveCfg = Debug|Any CPU
		{7F41EFBD-53D3-48A7-BE62-3C06919A2C5B}.Debug|Any CPU.Build.0 = Debug|Any CPU
		{7F41EFBD-53D3-48A7-BE62-3C06919A2C5B}.Release|Any CPU.ActiveCfg = Release|Any CPU
		{7F41EFBD-53D3-48A7-BE62-3C06919A2C5B}.Release|Any CPU.Build.0 = Release|Any CPU
		{CB8AB670-CE20-463B-937C-04B5B29A2318}.Debug|Any CPU.ActiveCfg = Debug|Any CPU
		{CB8AB670-CE20-463B-937C-04B5B29A2318}.Debug|Any CPU.Build.0 = Debug|Any CPU
		{CB8AB670-CE20-463B-937C-04B5B29A2318}.Release|Any CPU.ActiveCfg = Release|Any CPU
		{CB8AB670-CE20-463B-937C-04B5B29A2318}.Release|Any CPU.Build.0 = Release|Any CPU
	EndGlobalSection
EndGlobal
