
Microsoft Visual Studio Solution File, Format Version 12.00
Project("{FAE04EC0-301F-11D3-BF4B-00C04F79EFBC}") = "NoteOnGraph", "NoteOnGraph\NoteOnGraph.csproj", "{608EC773-980C-473B-B096-F7BDA5057E40}"
EndProject
Project("{FAE04EC0-301F-11D3-BF4B-00C04F79EFBC}") = "NoteOnGraph.Web", "NoteOnGraph.Web\NoteOnGraph.Web.csproj", "{5682CCEE-F44E-4FAC-B61C-421AD74F0CF7}"
EndProject
Project("{FAE04EC0-301F-11D3-BF4B-00C04F79EFBC}") = "NoteOnGraph.BddTests", "NoteOnGraph.BddTests\NoteOnGraph.BddTests.csproj", "{7F41EFBD-53D3-48A7-BE62-3C06919A2C5B}"
EndProject
Project("{FAE04EC0-301F-11D3-BF4B-00C04F79EFBC}") = "NoteOnGraph.IntegrationTests", "NoteOnGraph.IntegrationTests\NoteOnGraph.IntegrationTests.csproj", "{62C36FB1-E378-4872-ACFA-8F9A93F783F4}"
EndProject
Project("{FAE04EC0-301F-11D3-BF4B-00C04F79EFBC}") = "NoteOnGraph.Client.Api", "NoteOnGraph.Client.Api\NoteOnGraph.Client.Api.csproj", "{AB468851-1542-4914-992D-7FEF4AF4E210}"
EndProject
Project("{FAE04EC0-301F-11D3-BF4B-00C04F79EFBC}") = "NoteOnGraph.WebApi", "NoteOnGraph.WebApi\NoteOnGraph.WebApi.csproj", "{BB5DFF49-4D78-41C3-BD4B-E2CB8ECAF656}"
EndProject
Project("{FAE04EC0-301F-11D3-BF4B-00C04F79EFBC}") = "NoteOnGraph.UI", "NoteOnGraph.UI\NoteOnGraph.UI.csproj", "{5982D62C-FC50-469B-B182-9E93CC277E58}"
EndProject
Global
	GlobalSection(SolutionConfigurationPlatforms) = preSolution
		Debug|Any CPU = Debug|Any CPU
		Release|Any CPU = Release|Any CPU
	EndGlobalSection
	GlobalSection(ProjectConfigurationPlatforms) = postSolution
		{608EC773-980C-473B-B096-F7BDA5057E40}.Debug|Any CPU.ActiveCfg = Debug|Any CPU
		{608EC773-980C-473B-B096-F7BDA5057E40}.Debug|Any CPU.Build.0 = Debug|Any CPU
		{608EC773-980C-473B-B096-F7BDA5057E40}.Release|Any CPU.ActiveCfg = Release|Any CPU
		{608EC773-980C-473B-B096-F7BDA5057E40}.Release|Any CPU.Build.0 = Release|Any CPU
		{5682CCEE-F44E-4FAC-B61C-421AD74F0CF7}.Debug|Any CPU.ActiveCfg = Debug|Any CPU
		{5682CCEE-F44E-4FAC-B61C-421AD74F0CF7}.Debug|Any CPU.Build.0 = Debug|Any CPU
		{5682CCEE-F44E-4FAC-B61C-421AD74F0CF7}.Release|Any CPU.ActiveCfg = Release|Any CPU
		{5682CCEE-F44E-4FAC-B61C-421AD74F0CF7}.Release|Any CPU.Build.0 = Release|Any CPU
		{7F41EFBD-53D3-48A7-BE62-3C06919A2C5B}.Debug|Any CPU.ActiveCfg = Debug|Any CPU
		{7F41EFBD-53D3-48A7-BE62-3C06919A2C5B}.Debug|Any CPU.Build.0 = Debug|Any CPU
		{7F41EFBD-53D3-48A7-BE62-3C06919A2C5B}.Release|Any CPU.ActiveCfg = Release|Any CPU
		{7F41EFBD-53D3-48A7-BE62-3C06919A2C5B}.Release|Any CPU.Build.0 = Release|Any CPU
		{62C36FB1-E378-4872-ACFA-8F9A93F783F4}.Debug|Any CPU.ActiveCfg = Debug|Any CPU
		{62C36FB1-E378-4872-ACFA-8F9A93F783F4}.Debug|Any CPU.Build.0 = Debug|Any CPU
		{62C36FB1-E378-4872-ACFA-8F9A93F783F4}.Release|Any CPU.ActiveCfg = Release|Any CPU
		{62C36FB1-E378-4872-ACFA-8F9A93F783F4}.Release|Any CPU.Build.0 = Release|Any CPU
		{AB468851-1542-4914-992D-7FEF4AF4E210}.Debug|Any CPU.ActiveCfg = Debug|Any CPU
		{AB468851-1542-4914-992D-7FEF4AF4E210}.Debug|Any CPU.Build.0 = Debug|Any CPU
		{AB468851-1542-4914-992D-7FEF4AF4E210}.Release|Any CPU.ActiveCfg = Release|Any CPU
		{AB468851-1542-4914-992D-7FEF4AF4E210}.Release|Any CPU.Build.0 = Release|Any CPU
		{BB5DFF49-4D78-41C3-BD4B-E2CB8ECAF656}.Debug|Any CPU.ActiveCfg = Debug|Any CPU
		{BB5DFF49-4D78-41C3-BD4B-E2CB8ECAF656}.Debug|Any CPU.Build.0 = Debug|Any CPU
		{BB5DFF49-4D78-41C3-BD4B-E2CB8ECAF656}.Release|Any CPU.ActiveCfg = Release|Any CPU
		{BB5DFF49-4D78-41C3-BD4B-E2CB8ECAF656}.Release|Any CPU.Build.0 = Release|Any CPU
		{5982D62C-FC50-469B-B182-9E93CC277E58}.Debug|Any CPU.ActiveCfg = Debug|Any CPU
		{5982D62C-FC50-469B-B182-9E93CC277E58}.Debug|Any CPU.Build.0 = Debug|Any CPU
		{5982D62C-FC50-469B-B182-9E93CC277E58}.Release|Any CPU.ActiveCfg = Release|Any CPU
		{5982D62C-FC50-469B-B182-9E93CC277E58}.Release|Any CPU.Build.0 = Release|Any CPU
	EndGlobalSection
EndGlobal
